# This file was autogenerated by Stack.
# You should not edit this file by hand.
# For more information, please see the documentation at:
#   https://docs.haskellstack.org/en/stable/lock_files

packages: []
snapshots:
- completed:
    size: 508837
    url: https://raw.githubusercontent.com/commercialhaskell/stackage-snapshots/master/lts/12/25.yaml
    sha256: 090b7e245347dd4b57a99e121b8cd980afe3eb9a076a8fb23be0395bc2df85d6
  original: lts-12.25
